
Microsoft Visual Studio Solution File, Format Version 12.00
# Visual Studio Version 16
VisualStudioVersion = 16.0.34729.46
MinimumVisualStudioVersion = 10.0.40219.1
Project("{FAE04EC0-301F-11D3-BF4B-00C04F79EFBC}") = "PTD.Lesson09", "PTD.Lesson09\PTD.Lesson09.csproj", "{3C031AE1-D125-4392-9E17-9E0518094663}"
EndProject
Global
	GlobalSection(SolutionConfigurationPlatforms) = preSolution
		Debug|Any CPU = Debug|Any CPU
		Release|Any CPU = Release|Any CPU
	EndGlobalSection
	GlobalSection(ProjectConfigurationPlatforms) = postSolution
		{3C031AE1-D125-4392-9E17-9E0518094663}.Debug|Any CPU.ActiveCfg = Debug|Any CPU
		{3C031AE1-D125-4392-9E17-9E0518094663}.Debug|Any CPU.Build.0 = Debug|Any CPU
		{3C031AE1-D125-4392-9E17-9E0518094663}.Release|Any CPU.ActiveCfg = Release|Any CPU
		{3C031AE1-D125-4392-9E17-9E0518094663}.Release|Any CPU.Build.0 = Release|Any CPU
	EndGlobalSection
	GlobalSection(SolutionProperties) = preSolution
		HideSolutionNode = FALSE
	EndGlobalSection
	GlobalSection(ExtensibilityGlobals) = postSolution
		SolutionGuid = {3D7932C9-894E-4DBA-95EF-293DB4653398}
	EndGlobalSection
EndGlobal
